
Microsoft Visual Studio Solution File, Format Version 12.00
# Visual Studio Version 17
VisualStudioVersion = 17.5.33530.505
MinimumVisualStudioVersion = 10.0.40219.1
Project("{FAE04EC0-301F-11D3-BF4B-00C04F79EFBC}") = "LibraryManagement", "LibraryManagement\LibraryManagement.csproj", "{E8889505-689F-4317-A133-03B47784D00F}"
EndProject
Project("{FAE04EC0-301F-11D3-BF4B-00C04F79EFBC}") = "LM.Business", "LM.Business\LM.Business.csproj", "{86A6DB21-78A1-42FC-9C77-309D28BC10A6}"
EndProject
Project("{FAE04EC0-301F-11D3-BF4B-00C04F79EFBC}") = "LM.Data", "LM.Data\LM.Data.csproj", "{7DCEBA72-B79C-43AF-B485-7305A28EF9C6}"
EndProject
Project("{FAE04EC0-301F-11D3-BF4B-00C04F79EFBC}") = "LM.Domain", "LM.Domain\LM.Domain.csproj", "{A353BABA-3420-4957-A59C-90DA63749AC7}"
EndProject
Global
	GlobalSection(SolutionConfigurationPlatforms) = preSolution
		Debug|Any CPU = Debug|Any CPU
		Release|Any CPU = Release|Any CPU
	EndGlobalSection
	GlobalSection(ProjectConfigurationPlatforms) = postSolution
		{E8889505-689F-4317-A133-03B47784D00F}.Debug|Any CPU.ActiveCfg = Debug|Any CPU
		{E8889505-689F-4317-A133-03B47784D00F}.Debug|Any CPU.Build.0 = Debug|Any CPU
		{E8889505-689F-4317-A133-03B47784D00F}.Release|Any CPU.ActiveCfg = Release|Any CPU
		{E8889505-689F-4317-A133-03B47784D00F}.Release|Any CPU.Build.0 = Release|Any CPU
		{86A6DB21-78A1-42FC-9C77-309D28BC10A6}.Debug|Any CPU.ActiveCfg = Debug|Any CPU
		{86A6DB21-78A1-42FC-9C77-309D28BC10A6}.Debug|Any CPU.Build.0 = Debug|Any CPU
		{86A6DB21-78A1-42FC-9C77-309D28BC10A6}.Release|Any CPU.ActiveCfg = Release|Any CPU
		{86A6DB21-78A1-42FC-9C77-309D28BC10A6}.Release|Any CPU.Build.0 = Release|Any CPU
		{7DCEBA72-B79C-43AF-B485-7305A28EF9C6}.Debug|Any CPU.ActiveCfg = Debug|Any CPU
		{7DCEBA72-B79C-43AF-B485-7305A28EF9C6}.Debug|Any CPU.Build.0 = Debug|Any CPU
		{7DCEBA72-B79C-43AF-B485-7305A28EF9C6}.Release|Any CPU.ActiveCfg = Release|Any CPU
		{7DCEBA72-B79C-43AF-B485-7305A28EF9C6}.Release|Any CPU.Build.0 = Release|Any CPU
		{A353BABA-3420-4957-A59C-90DA63749AC7}.Debug|Any CPU.ActiveCfg = Debug|Any CPU
		{A353BABA-3420-4957-A59C-90DA63749AC7}.Debug|Any CPU.Build.0 = Debug|Any CPU
		{A353BABA-3420-4957-A59C-90DA63749AC7}.Release|Any CPU.ActiveCfg = Release|Any CPU
		{A353BABA-3420-4957-A59C-90DA63749AC7}.Release|Any CPU.Build.0 = Release|Any CPU
	EndGlobalSection
	GlobalSection(SolutionProperties) = preSolution
		HideSolutionNode = FALSE
	EndGlobalSection
	GlobalSection(ExtensibilityGlobals) = postSolution
		SolutionGuid = {32F3653B-EF6C-424B-BBC1-EC8F64EABACB}
	EndGlobalSection
EndGlobal
